
Microsoft Visual Studio Solution File, Format Version 12.00
# Visual Studio Version 17
VisualStudioVersion = 17.1.32328.378
MinimumVisualStudioVersion = 10.0.40219.1
Project("{9A19103F-16F7-4668-BE54-9A1E7A4F7556}") = "TinctoriaSimplified", "TinctoriaSimplified.csproj", "{75064CF9-4032-4BA7-8BA5-6D593CC79D4A}"
EndProject
Global
	GlobalSection(SolutionConfigurationPlatforms) = preSolution
		Debug|Any CPU = Debug|Any CPU
		Release|Any CPU = Release|Any CPU
	EndGlobalSection
	GlobalSection(ProjectConfigurationPlatforms) = postSolution
		{75064CF9-4032-4BA7-8BA5-6D593CC79D4A}.Debug|Any CPU.ActiveCfg = Debug|Any CPU
		{75064CF9-4032-4BA7-8BA5-6D593CC79D4A}.Debug|Any CPU.Build.0 = Debug|Any CPU
		{75064CF9-4032-4BA7-8BA5-6D593CC79D4A}.Release|Any CPU.ActiveCfg = Release|Any CPU
		{75064CF9-4032-4BA7-8BA5-6D593CC79D4A}.Release|Any CPU.Build.0 = Release|Any CPU
	EndGlobalSection
	GlobalSection(SolutionProperties) = preSolution
		HideSolutionNode = FALSE
	EndGlobalSection
	GlobalSection(ExtensibilityGlobals) = postSolution
		SolutionGuid = {1ADB5AC7-C199-426E-8033-80E6EBF551D7}
	EndGlobalSection
EndGlobal
